# THIS IS AN AUTOGENERATED FILE. DO NOT EDIT THIS FILE DIRECTLY.
# yarn lockfile v1


parse5-html-rewriting-stream@5.1.0:
  version "5.1.0"
  resolved "https://registry.yarnpkg.com/parse5-html-rewriting-stream/-/parse5-html-rewriting-stream-5.1.0.tgz#63f92c958764aea8cbe3aa68f2e5895c32068ab8"
  integrity sha512-hZlaOTHJs4dpC5yFHnOSEMh26ErsqTsLzxKqkuRcUqtiu0kMsBQ9pkgANkECDyoBUhJ3+hvb2DPLsyqbtcS61Q==
  dependencies:
    parse5 "^5.1.0"
    parse5-sax-parser "^5.1.0"

parse5-sax-parser@^5.1.0:
  version "5.1.0"
  resolved "https://registry.yarnpkg.com/parse5-sax-parser/-/parse5-sax-parser-5.1.0.tgz#ec234d23223a8054a74ff173aa3dc2da74c5bbd9"
  integrity sha512-VEhdEDhBkoSILPmsZ96SoIIUow3hZbtgQsqXw7r8DxxnqsCIO0fwkT9mWgBcf9SPjVUh92liuEprHrrYzXBPWQ==
  dependencies:
    parse5 "^5.1.0"

parse5@^5.1.0:
  version "5.1.0"
  resolved "https://registry.yarnpkg.com/parse5/-/parse5-5.1.0.tgz#c59341c9723f414c452975564c7c00a68d58acd2"
  integrity sha512-fxNG2sQjHvlVAYmzBZS9YlDp6PTSSDwa98vkD4QgVDDCAo84z5X1t5XyJQ62ImdLXx5NdIIfihey6xpum9/gRQ==
